
Microsoft Visual Studio Solution File, Format Version 12.00
# Visual Studio Version 17
VisualStudioVersion = 17.1.32421.90
MinimumVisualStudioVersion = 10.0.40219.1
Project("{9A19103F-16F7-4668-BE54-9A1E7A4F7556}") = "PACM.BL", "PACM.BL\PACM.BL.csproj", "{0B22C868-FC00-4CF0-BA7B-41E55CDDBCBA}"
EndProject
Project("{2150E333-8FDC-42A3-9474-1A3956D46DE8}") = "Tests", "Tests", "{8BEF5220-0284-49A6-9699-99818BA41B41}"
EndProject
Project("{9A19103F-16F7-4668-BE54-9A1E7A4F7556}") = "PACM.BLTest", "Tests\PACM.BLTest\PACM.BLTest.csproj", "{273EB124-6607-427C-8B32-31629540E955}"
EndProject
Project("{FAE04EC0-301F-11D3-BF4B-00C04F79EFBC}") = "PACME.Common", "PACME.Common\PACME.Common.csproj", "{B4014AA9-39E7-4AC9-AF93-F8A6BA0187CF}"
EndProject
Project("{FAE04EC0-301F-11D3-BF4B-00C04F79EFBC}") = "PACME.CommonTest", "Test\PACME.CommonTest\PACME.CommonTest.csproj", "{B7640E3B-C321-4229-B141-2002B47DE206}"
EndProject
Global
	GlobalSection(SolutionConfigurationPlatforms) = preSolution
		Debug|Any CPU = Debug|Any CPU
		Release|Any CPU = Release|Any CPU
	EndGlobalSection
	GlobalSection(ProjectConfigurationPlatforms) = postSolution
		{0B22C868-FC00-4CF0-BA7B-41E55CDDBCBA}.Debug|Any CPU.ActiveCfg = Debug|Any CPU
		{0B22C868-FC00-4CF0-BA7B-41E55CDDBCBA}.Debug|Any CPU.Build.0 = Debug|Any CPU
		{0B22C868-FC00-4CF0-BA7B-41E55CDDBCBA}.Release|Any CPU.ActiveCfg = Release|Any CPU
		{0B22C868-FC00-4CF0-BA7B-41E55CDDBCBA}.Release|Any CPU.Build.0 = Release|Any CPU
		{273EB124-6607-427C-8B32-31629540E955}.Debug|Any CPU.ActiveCfg = Debug|Any CPU
		{273EB124-6607-427C-8B32-31629540E955}.Debug|Any CPU.Build.0 = Debug|Any CPU
		{273EB124-6607-427C-8B32-31629540E955}.Release|Any CPU.ActiveCfg = Release|Any CPU
		{273EB124-6607-427C-8B32-31629540E955}.Release|Any CPU.Build.0 = Release|Any CPU
		{B4014AA9-39E7-4AC9-AF93-F8A6BA0187CF}.Debug|Any CPU.ActiveCfg = Debug|Any CPU
		{B4014AA9-39E7-4AC9-AF93-F8A6BA0187CF}.Debug|Any CPU.Build.0 = Debug|Any CPU
		{B4014AA9-39E7-4AC9-AF93-F8A6BA0187CF}.Release|Any CPU.ActiveCfg = Release|Any CPU
		{B4014AA9-39E7-4AC9-AF93-F8A6BA0187CF}.Release|Any CPU.Build.0 = Release|Any CPU
		{B7640E3B-C321-4229-B141-2002B47DE206}.Debug|Any CPU.ActiveCfg = Debug|Any CPU
		{B7640E3B-C321-4229-B141-2002B47DE206}.Debug|Any CPU.Build.0 = Debug|Any CPU
		{B7640E3B-C321-4229-B141-2002B47DE206}.Release|Any CPU.ActiveCfg = Release|Any CPU
		{B7640E3B-C321-4229-B141-2002B47DE206}.Release|Any CPU.Build.0 = Release|Any CPU
	EndGlobalSection
	GlobalSection(SolutionProperties) = preSolution
		HideSolutionNode = FALSE
	EndGlobalSection
	GlobalSection(NestedProjects) = preSolution
		{273EB124-6607-427C-8B32-31629540E955} = {8BEF5220-0284-49A6-9699-99818BA41B41}
		{B7640E3B-C321-4229-B141-2002B47DE206} = {8BEF5220-0284-49A6-9699-99818BA41B41}
	EndGlobalSection
	GlobalSection(ExtensibilityGlobals) = postSolution
		SolutionGuid = {E4CDF4AE-61EC-4643-AC94-A10F33EAB12D}
	EndGlobalSection
EndGlobal
